
Microsoft Visual Studio Solution File, Format Version 12.00
# Visual Studio Version 16
VisualStudioVersion = 16.0.30717.126
MinimumVisualStudioVersion = 10.0.40219.1
Project("{FAE04EC0-301F-11D3-BF4B-00C04F79EFBC}") = "L6", "L6\L6.csproj", "{D9EE069B-C448-478F-8ED1-29C8585DC539}"
EndProject
Global
	GlobalSection(SolutionConfigurationPlatforms) = preSolution
		Debug|Any CPU = Debug|Any CPU
		Release|Any CPU = Release|Any CPU
	EndGlobalSection
	GlobalSection(ProjectConfigurationPlatforms) = postSolution
		{D9EE069B-C448-478F-8ED1-29C8585DC539}.Debug|Any CPU.ActiveCfg = Debug|Any CPU
		{D9EE069B-C448-478F-8ED1-29C8585DC539}.Debug|Any CPU.Build.0 = Debug|Any CPU
		{D9EE069B-C448-478F-8ED1-29C8585DC539}.Release|Any CPU.ActiveCfg = Release|Any CPU
		{D9EE069B-C448-478F-8ED1-29C8585DC539}.Release|Any CPU.Build.0 = Release|Any CPU
	EndGlobalSection
	GlobalSection(SolutionProperties) = preSolution
		HideSolutionNode = FALSE
	EndGlobalSection
	GlobalSection(ExtensibilityGlobals) = postSolution
		SolutionGuid = {B64AF459-B2B9-4063-8F88-EA2D75CF443D}
	EndGlobalSection
EndGlobal
